
Microsoft Visual Studio Solution File, Format Version 12.00
# Visual Studio Version 17
VisualStudioVersion = 17.14.36518.9 d17.14
MinimumVisualStudioVersion = 10.0.40219.1
Project("{FAE04EC0-301F-11D3-BF4B-00C04F79EFBC}") = "Mozi", "Mozi.csproj", "{915CA6E7-A43E-4268-B29B-D6781C536329}"
EndProject
Global
	GlobalSection(SolutionConfigurationPlatforms) = preSolution
		Debug|Any CPU = Debug|Any CPU
		Release|Any CPU = Release|Any CPU
	EndGlobalSection
	GlobalSection(ProjectConfigurationPlatforms) = postSolution
		{915CA6E7-A43E-4268-B29B-D6781C536329}.Debug|Any CPU.ActiveCfg = Debug|Any CPU
		{915CA6E7-A43E-4268-B29B-D6781C536329}.Debug|Any CPU.Build.0 = Debug|Any CPU
		{915CA6E7-A43E-4268-B29B-D6781C536329}.Release|Any CPU.ActiveCfg = Release|Any CPU
		{915CA6E7-A43E-4268-B29B-D6781C536329}.Release|Any CPU.Build.0 = Release|Any CPU
	EndGlobalSection
	GlobalSection(SolutionProperties) = preSolution
		HideSolutionNode = FALSE
	EndGlobalSection
	GlobalSection(ExtensibilityGlobals) = postSolution
		SolutionGuid = {6A7B7239-AF9A-46EB-A6C3-A72FDAC4D418}
	EndGlobalSection
EndGlobal
